// !$*UTF8*$!
{
	archiveVersion = 1;
	classes = {
	};
	objectVersion = 77;
	objects = {

/* Begin PBXBuildFile section */
		D4624E7F2F03D1C80073AE34 /* BagistoNative_iOS in Frameworks */ = {isa = PBXBuildFile; productRef = D4624E7E2F03D1C80073AE34 /* BagistoNative_iOS */; };
		D4B5A93E2F0292150069AE66 /* HotwireNative in Frameworks */ = {isa = PBXBuildFile; productRef = D4B5A93D2F0292150069AE66 /* HotwireNative */; };
		D4FAB6BA2F02935A00513E0A /* BagistoNative_iOS in Frameworks */ = {isa = PBXBuildFile; productRef = D4FAB6B92F02935A00513E0A /* BagistoNative_iOS */; };
		D4FAB6BD2F0293F200513E0A /* BagistoNative_iOS in Frameworks */ = {isa = PBXBuildFile; productRef = D4FAB6BC2F0293F200513E0A /* BagistoNative_iOS */; };
		D4FAB6C02F02957E00513E0A /* BagistoNative_iOS in Frameworks */ = {isa = PBXBuildFile; productRef = D4FAB6BF2F02957E00513E0A /* BagistoNative_iOS */; };
/* End PBXBuildFile section */

/* Begin PBXContainerItemProxy section */
		D4B5A9092F0291DB0069AE66 /* PBXContainerItemProxy */ = {
			isa = PBXContainerItemProxy;
			containerPortal = D4B5A8EA2F0291D90069AE66 /* Project object */;
			proxyType = 1;
			remoteGlobalIDString = D4B5A8F12F0291D90069AE66;
			remoteInfo = Example;
		};
		D4B5A9132F0291DB0069AE66 /* PBXContainerItemProxy */ = {
			isa = PBXContainerItemProxy;
			containerPortal = D4B5A8EA2F0291D90069AE66 /* Project object */;
			proxyType = 1;
			remoteGlobalIDString = D4B5A8F12F0291D90069AE66;
			remoteInfo = Example;
		};
/* End PBXContainerItemProxy section */

/* Begin PBXFileReference section */
		D4B5A8F22F0291DA0069AE66 /* Example.app */ = {isa = PBXFileReference; explicitFileType = wrapper.application; includeInIndex = 0; path = Example.app; sourceTree = BUILT_PRODUCTS_DIR; };
		D4B5A9082F0291DB0069AE66 /* ExampleTests.xctest */ = {isa = PBXFileReference; explicitFileType = wrapper.cfbundle; includeInIndex = 0; path = ExampleTests.xctest; sourceTree = BUILT_PRODUCTS_DIR; };
		D4B5A9122F0291DB0069AE66 /* ExampleUITests.xctest */ = {isa = PBXFileReference; explicitFileType = wrapper.cfbundle; includeInIndex = 0; path = ExampleUITests.xctest; sourceTree = BUILT_PRODUCTS_DIR; };
/* End PBXFileReference section */

/* Begin PBXFileSystemSynchronizedBuildFileExceptionSet section */
		D4B5A91A2F0291DB0069AE66 /* Exceptions for "Example" folder in "Example" target */ = {
			isa = PBXFileSystemSynchronizedBuildFileExceptionSet;
			membershipExceptions = (
				Info.plist,
			);
			target = D4B5A8F12F0291D90069AE66 /* Example */;
		};
/* End PBXFileSystemSynchronizedBuildFileExceptionSet section */

/* Begin PBXFileSystemSynchronizedRootGroup section */
		D4B5A8F42F0291DA0069AE66 /* Example */ = {
			isa = PBXFileSystemSynchronizedRootGroup;
			exceptions = (
				D4B5A91A2F0291DB0069AE66 /* Exceptions for "Example" folder in "Example" target */,
			);
			path = Example;
			sourceTree = "<group>";
		};
		D4B5A90B2F0291DB0069AE66 /* ExampleTests */ = {
			isa = PBXFileSystemSynchronizedRootGroup;
			path = ExampleTests;
			sourceTree = "<group>";
		};
		D4B5A9152F0291DB0069AE66 /* ExampleUITests */ = {
			isa = PBXFileSystemSynchronizedRootGroup;
			path = ExampleUITests;
			sourceTree = "<group>";
		};
/* End PBXFileSystemSynchronizedRootGroup section */

/* Begin PBXFrameworksBuildPhase section */
		D4B5A8EF2F0291D90069AE66 /* Frameworks */ = {
			isa = PBXFrameworksBuildPhase;
			buildActionMask = 2147483647;
			files = (
				D4624E7F2F03D1C80073AE34 /* BagistoNative_iOS in Frameworks */,
				D4B5A93E2F0292150069AE66 /* HotwireNative in Frameworks */,
				D4FAB6BA2F02935A00513E0A /* BagistoNative_iOS in Frameworks */,
				D4FAB6BD2F0293F200513E0A /* BagistoNative_iOS in Frameworks */,
				D4FAB6C02F02957E00513E0A /* BagistoNative_iOS in Frameworks */,
			);
			runOnlyForDeploymentPostprocessing = 0;
		};
		D4B5A9052F0291DB0069AE66 /* Frameworks */ = {
			isa = PBXFrameworksBuildPhase;
			buildActionMask = 2147483647;
			files = (
			);
			runOnlyForDeploymentPostprocessing = 0;
		};
		D4B5A90F2F0291DB0069AE66 /* Frameworks */ = {
			isa = PBXFrameworksBuildPhase;
			buildActionMask = 2147483647;
			files = (
			);
			runOnlyForDeploymentPostprocessing = 0;
		};
/* End PBXFrameworksBuildPhase section */

/* Begin PBXGroup section */
		D4B5A8E92F0291D90069AE66 = {
			isa = PBXGroup;
			children = (
				D4B5A8F42F0291DA0069AE66 /* Example */,
				D4B5A90B2F0291DB0069AE66 /* ExampleTests */,
				D4B5A9152F0291DB0069AE66 /* ExampleUITests */,
				D4B5A8F32F0291DA0069AE66 /* Products */,
			);
			sourceTree = "<group>";
		};
		D4B5A8F32F0291DA0069AE66 /* Products */ = {
			isa = PBXGroup;
			children = (
				D4B5A8F22F0291DA0069AE66 /* Example.app */,
				D4B5A9082F0291DB0069AE66 /* ExampleTests.xctest */,
				D4B5A9122F0291DB0069AE66 /* ExampleUITests.xctest */,
			);
			name = Products;
			sourceTree = "<group>";
		};
/* End PBXGroup section */

/* Begin PBXNativeTarget section */
		D4B5A8F12F0291D90069AE66 /* Example */ = {
			isa = PBXNativeTarget;
			buildConfigurationList = D4B5A91B2F0291DB0069AE66 /* Build configuration list for PBXNativeTarget "Example" */;
			buildPhases = (
				D4B5A8EE2F0291D90069AE66 /* Sources */,
				D4B5A8EF2F0291D90069AE66 /* Frameworks */,
				D4B5A8F02F0291D90069AE66 /* Resources */,
			);
			buildRules = (
			);
			dependencies = (
			);
			fileSystemSynchronizedGroups = (
				D4B5A8F42F0291DA0069AE66 /* Example */,
			);
			name = Example;
			packageProductDependencies = (
				D4B5A93D2F0292150069AE66 /* HotwireNative */,
				D4FAB6B92F02935A00513E0A /* BagistoNative_iOS */,
				D4FAB6BC2F0293F200513E0A /* BagistoNative_iOS */,
				D4FAB6BF2F02957E00513E0A /* BagistoNative_iOS */,
				D4624E7E2F03D1C80073AE34 /* BagistoNative_iOS */,
			);
			productName = Example;
			productReference = D4B5A8F22F0291DA0069AE66 /* Example.app */;
			productType = "com.apple.product-type.application";
		};
		D4B5A9072F0291DB0069AE66 /* ExampleTests */ = {
			isa = PBXNativeTarget;
			buildConfigurationList = D4B5A9202F0291DB0069AE66 /* Build configuration list for PBXNativeTarget "ExampleTests" */;
			buildPhases = (
				D4B5A9042F0291DB0069AE66 /* Sources */,
				D4B5A9052F0291DB0069AE66 /* Frameworks */,
				D4B5A9062F0291DB0069AE66 /* Resources */,
			);
			buildRules = (
			);
			dependencies = (
				D4B5A90A2F0291DB0069AE66 /* PBXTargetDependency */,
			);
			fileSystemSynchronizedGroups = (
				D4B5A90B2F0291DB0069AE66 /* ExampleTests */,
			);
			name = ExampleTests;
			packageProductDependencies = (
			);
			productName = ExampleTests;
			productReference = D4B5A9082F0291DB0069AE66 /* ExampleTests.xctest */;
			productType = "com.apple.product-type.bundle.unit-test";
		};
		D4B5A9112F0291DB0069AE66 /* ExampleUITests */ = {
			isa = PBXNativeTarget;
			buildConfigurationList = D4B5A9232F0291DB0069AE66 /* Build configuration list for PBXNativeTarget "ExampleUITests" */;
			buildPhases = (
				D4B5A90E2F0291DB0069AE66 /* Sources */,
				D4B5A90F2F0291DB0069AE66 /* Frameworks */,
				D4B5A9102F0291DB0069AE66 /* Resources */,
			);
			buildRules = (
			);
			dependencies = (
				D4B5A9142F0291DB0069AE66 /* PBXTargetDependency */,
			);
			fileSystemSynchronizedGroups = (
				D4B5A9152F0291DB0069AE66 /* ExampleUITests */,
			);
			name = ExampleUITests;
			packageProductDependencies = (
			);
			productName = ExampleUITests;
			productReference = D4B5A9122F0291DB0069AE66 /* ExampleUITests.xctest */;
			productType = "com.apple.product-type.bundle.ui-testing";
		};
/* End PBXNativeTarget section */

/* Begin PBXProject section */
		D4B5A8EA2F0291D90069AE66 /* Project object */ = {
			isa = PBXProject;
			attributes = {
				BuildIndependentTargetsInParallel = 1;
				LastSwiftUpdateCheck = 1620;
				LastUpgradeCheck = 1620;
				TargetAttributes = {
					D4B5A8F12F0291D90069AE66 = {
						CreatedOnToolsVersion = 16.2;
					};
					D4B5A9072F0291DB0069AE66 = {
						CreatedOnToolsVersion = 16.2;
						TestTargetID = D4B5A8F12F0291D90069AE66;
					};
					D4B5A9112F0291DB0069AE66 = {
						CreatedOnToolsVersion = 16.2;
						TestTargetID = D4B5A8F12F0291D90069AE66;
					};
				};
			};
			buildConfigurationList = D4B5A8ED2F0291D90069AE66 /* Build configuration list for PBXProject "Example" */;
			developmentRegion = en;
			hasScannedForEncodings = 0;
			knownRegions = (
				en,
				Base,
			);
			mainGroup = D4B5A8E92F0291D90069AE66;
			minimizedProjectReferenceProxies = 1;
			packageReferences = (
				D4B5A93C2F0292150069AE66 /* XCRemoteSwiftPackageReference "hotwire-native-ios" */,
				D4624E7D2F03D1C80073AE34 /* XCLocalSwiftPackageReference "../../BagistoNative_iOS" */,
			);
			preferredProjectObjectVersion = 77;
			productRefGroup = D4B5A8F32F0291DA0069AE66 /* Products */;
			projectDirPath = "";
			projectRoot = "";
			targets = (
				D4B5A8F12F0291D90069AE66 /* Example */,
				D4B5A9072F0291DB0069AE66 /* ExampleTests */,
				D4B5A9112F0291DB0069AE66 /* ExampleUITests */,
			);
		};
/* End PBXProject section */

/* Begin PBXResourcesBuildPhase section */
		D4B5A8F02F0291D90069AE66 /* Resources */ = {
			isa = PBXResourcesBuildPhase;
			buildActionMask = 2147483647;
			files = (
			);
			runOnlyForDeploymentPostprocessing = 0;
		};
		D4B5A9062F0291DB0069AE66 /* Resources */ = {
			isa = PBXResourcesBuildPhase;
			buildActionMask = 2147483647;
			files = (
			);
			runOnlyForDeploymentPostprocessing = 0;
		};
		D4B5A9102F0291DB0069AE66 /* Resources */ = {
			isa = PBXResourcesBuildPhase;
			buildActionMask = 2147483647;
			files = (
			);
			runOnlyForDeploymentPostprocessing = 0;
		};
/* End PBXResourcesBuildPhase section */

/* Begin PBXSourcesBuildPhase section */
		D4B5A8EE2F0291D90069AE66 /* Sources */ = {
			isa = PBXSourcesBuildPhase;
			buildActionMask = 2147483647;
			files = (
			);
			runOnlyForDeploymentPostprocessing = 0;
		};
		D4B5A9042F0291DB0069AE66 /* Sources */ = {
			isa = PBXSourcesBuildPhase;
			buildActionMask = 2147483647;
			files = (
			);
			runOnlyForDeploymentPostprocessing = 0;
		};
		D4B5A90E2F0291DB0069AE66 /* Sources */ = {
			isa = PBXSourcesBuildPhase;
			buildActionMask = 2147483647;
			files = (
			);
			runOnlyForDeploymentPostprocessing = 0;
		};
/* End PBXSourcesBuildPhase section */

/* Begin PBXTargetDependency section */
		D4B5A90A2F0291DB0069AE66 /* PBXTargetDependency */ = {
			isa = PBXTargetDependency;
			target = D4B5A8F12F0291D90069AE66 /* Example */;
			targetProxy = D4B5A9092F0291DB0069AE66 /* PBXContainerItemProxy */;
		};
		D4B5A9142F0291DB0069AE66 /* PBXTargetDependency */ = {
			isa = PBXTargetDependency;
			target = D4B5A8F12F0291D90069AE66 /* Example */;
			targetProxy = D4B5A9132F0291DB0069AE66 /* PBXContainerItemProxy */;
		};
/* End PBXTargetDependency section */

/* Begin XCBuildConfiguration section */
		D4B5A91C2F0291DB0069AE66 /* Debug */ = {
			isa = XCBuildConfiguration;
			buildSettings = {
				ASSETCATALOG_COMPILER_APPICON_NAME = AppIcon;
				ASSETCATALOG_COMPILER_GLOBAL_ACCENT_COLOR_NAME = AccentColor;
				CODE_SIGN_STYLE = Automatic;
				CURRENT_PROJECT_VERSION = 1;
				DEVELOPMENT_TEAM = MPFH69ZV5Q;
				GENERATE_INFOPLIST_FILE = YES;
				INFOPLIST_FILE = Example/Info.plist;
				INFOPLIST_KEY_UIApplicationSupportsIndirectInputEvents = YES;
				INFOPLIST_KEY_UILaunchStoryboardName = LaunchScreen;
				INFOPLIST_KEY_UIMainStoryboardFile = Main;
				INFOPLIST_KEY_UISupportedInterfaceOrientations_iPad = "UIInterfaceOrientationPortrait UIInterfaceOrientationPortraitUpsideDown UIInterfaceOrientationLandscapeLeft UIInterfaceOrientationLandscapeRight";
				INFOPLIST_KEY_UISupportedInterfaceOrientations_iPhone = "UIInterfaceOrientationPortrait UIInterfaceOrientationLandscapeLeft UIInterfaceOrientationLandscapeRight";
				IPHONEOS_DEPLOYMENT_TARGET = 16.6;
				LD_RUNPATH_SEARCH_PATHS = (
					"$(inherited)",
					"@executable_path/Frameworks",
				);
				MARKETING_VERSION = 1.0;
				PRODUCT_BUNDLE_IDENTIFIER = com.tts.Example;
				PRODUCT_NAME = "$(TARGET_NAME)";
				SWIFT_EMIT_LOC_STRINGS = YES;
				SWIFT_VERSION = 5.0;
				TARGETED_DEVICE_FAMILY = "1,2";
			};
			name = Debug;
		};
		D4B5A91D2F0291DB0069AE66 /* Release */ = {
			isa = XCBuildConfiguration;
			buildSettings = {
				ASSETCATALOG_COMPILER_APPICON_NAME = AppIcon;
				ASSETCATALOG_COMPILER_GLOBAL_ACCENT_COLOR_NAME = AccentColor;
				CODE_SIGN_STYLE = Automatic;
				CURRENT_PROJECT_VERSION = 1;
				DEVELOPMENT_TEAM = MPFH69ZV5Q;
				GENERATE_INFOPLIST_FILE = YES;
				INFOPLIST_FILE = Example/Info.plist;
				INFOPLIST_KEY_UIApplicationSupportsIndirectInputEvents = YES;
				INFOPLIST_KEY_UILaunchStoryboardName = LaunchScreen;
				INFOPLIST_KEY_UIMainStoryboardFile = Main;
				INFOPLIST_KEY_UISupportedInterfaceOrientations_iPad = "UIInterfaceOrientationPortrait UIInterfaceOrientationPortraitUpsideDown UIInterfaceOrientationLandscapeLeft UIInterfaceOrientationLandscapeRight";
				INFOPLIST_KEY_UISupportedInterfaceOrientations_iPhone = "UIInterfaceOrientationPortrait UIInterfaceOrientationLandscapeLeft UIInterfaceOrientationLandscapeRight";
				IPHONEOS_DEPLOYMENT_TARGET = 16.6;
				LD_RUNPATH_SEARCH_PATHS = (
					"$(inherited)",
					"@executable_path/Frameworks",
				);
				MARKETING_VERSION = 1.0;
				PRODUCT_BUNDLE_IDENTIFIER = com.tts.Example;
				PRODUCT_NAME = "$(TARGET_NAME)";
				SWIFT_EMIT_LOC_STRINGS = YES;
				SWIFT_VERSION = 5.0;
				TARGETED_DEVICE_FAMILY = "1,2";
			};
			name = Release;
		};
		D4B5A91E2F0291DB0069AE66 /* Debug */ = {
			isa = XCBuildConfiguration;
			buildSettings = {
				ALWAYS_SEARCH_USER_PATHS = NO;
				ASSETCATALOG_COMPILER_GENERATE_SWIFT_ASSET_SYMBOL_EXTENSIONS = YES;
				CLANG_ANALYZER_NONNULL = YES;
				CLANG_ANALYZER_NUMBER_OBJECT_CONVERSION = YES_AGGRESSIVE;
				CLANG_CXX_LANGUAGE_STANDARD = "gnu++20";
				CLANG_ENABLE_MODULES = YES;
				CLANG_ENABLE_OBJC_ARC = YES;
				CLANG_ENABLE_OBJC_WEAK = YES;
				CLANG_WARN_BLOCK_CAPTURE_AUTORELEASING = YES;
				CLANG_WARN_BOOL_CONVERSION = YES;
				CLANG_WARN_COMMA = YES;
				CLANG_WARN_CONSTANT_CONVERSION = YES;
				CLANG_WARN_DEPRECATED_OBJC_IMPLEMENTATIONS = YES;
				CLANG_WARN_DIRECT_OBJC_ISA_USAGE = YES_ERROR;
				CLANG_WARN_DOCUMENTATION_COMMENTS = YES;
				CLANG_WARN_EMPTY_BODY = YES;
				CLANG_WARN_ENUM_CONVERSION = YES;
				CLANG_WARN_INFINITE_RECURSION = YES;
				CLANG_WARN_INT_CONVERSION = YES;
				CLANG_WARN_NON_LITERAL_NULL_CONVERSION = YES;
				CLANG_WARN_OBJC_IMPLICIT_RETAIN_SELF = YES;
				CLANG_WARN_OBJC_LITERAL_CONVERSION = YES;
				CLANG_WARN_OBJC_ROOT_CLASS = YES_ERROR;
				CLANG_WARN_QUOTED_INCLUDE_IN_FRAMEWORK_HEADER = YES;
				CLANG_WARN_RANGE_LOOP_ANALYSIS = YES;
				CLANG_WARN_STRICT_PROTOTYPES = YES;
				CLANG_WARN_SUSPICIOUS_MOVE = YES;
				CLANG_WARN_UNGUARDED_AVAILABILITY = YES_AGGRESSIVE;
				CLANG_WARN_UNREACHABLE_CODE = YES;
				CLANG_WARN__DUPLICATE_METHOD_MATCH = YES;
				COPY_PHASE_STRIP = NO;
				DEBUG_INFORMATION_FORMAT = dwarf;
				ENABLE_STRICT_OBJC_MSGSEND = YES;
				ENABLE_TESTABILITY = YES;
				ENABLE_USER_SCRIPT_SANDBOXING = YES;
				GCC_C_LANGUAGE_STANDARD = gnu17;
				GCC_DYNAMIC_NO_PIC = NO;
				GCC_NO_COMMON_BLOCKS = YES;
				GCC_OPTIMIZATION_LEVEL = 0;
				GCC_PREPROCESSOR_DEFINITIONS = (
					"DEBUG=1",
					"$(inherited)",
				);
				GCC_WARN_64_TO_32_BIT_CONVERSION = YES;
				GCC_WARN_ABOUT_RETURN_TYPE = YES_ERROR;
				GCC_WARN_UNDECLARED_SELECTOR = YES;
				GCC_WARN_UNINITIALIZED_AUTOS = YES_AGGRESSIVE;
				GCC_WARN_UNUSED_FUNCTION = YES;
				GCC_WARN_UNUSED_VARIABLE = YES;
				IPHONEOS_DEPLOYMENT_TARGET = 18.2;
				LOCALIZATION_PREFERS_STRING_CATALOGS = YES;
				MTL_ENABLE_DEBUG_INFO = INCLUDE_SOURCE;
				MTL_FAST_MATH = YES;
				ONLY_ACTIVE_ARCH = YES;
				SDKROOT = iphoneos;
				SWIFT_ACTIVE_COMPILATION_CONDITIONS = "DEBUG $(inherited)";
				SWIFT_OPTIMIZATION_LEVEL = "-Onone";
			};
			name = Debug;
		};
		D4B5A91F2F0291DB0069AE66 /* Release */ = {
			isa = XCBuildConfiguration;
			buildSettings = {
				ALWAYS_SEARCH_USER_PATHS = NO;
				ASSETCATALOG_COMPILER_GENERATE_SWIFT_ASSET_SYMBOL_EXTENSIONS = YES;
				CLANG_ANALYZER_NONNULL = YES;
				CLANG_ANALYZER_NUMBER_OBJECT_CONVERSION = YES_AGGRESSIVE;
				CLANG_CXX_LANGUAGE_STANDARD = "gnu++20";
				CLANG_ENABLE_MODULES = YES;
				CLANG_ENABLE_OBJC_ARC = YES;
				CLANG_ENABLE_OBJC_WEAK = YES;
				CLANG_WARN_BLOCK_CAPTURE_AUTORELEASING = YES;
				CLANG_WARN_BOOL_CONVERSION = YES;
				CLANG_WARN_COMMA = YES;
				CLANG_WARN_CONSTANT_CONVERSION = YES;
				CLANG_WARN_DEPRECATED_OBJC_IMPLEMENTATIONS = YES;
				CLANG_WARN_DIRECT_OBJC_ISA_USAGE = YES_ERROR;
				CLANG_WARN_DOCUMENTATION_COMMENTS = YES;
				CLANG_WARN_EMPTY_BODY = YES;
				CLANG_WARN_ENUM_CONVERSION = YES;
				CLANG_WARN_INFINITE_RECURSION = YES;
				CLANG_WARN_INT_CONVERSION = YES;
				CLANG_WARN_NON_LITERAL_NULL_CONVERSION = YES;
				CLANG_WARN_OBJC_IMPLICIT_RETAIN_SELF = YES;
				CLANG_WARN_OBJC_LITERAL_CONVERSION = YES;
				CLANG_WARN_OBJC_ROOT_CLASS = YES_ERROR;
				CLANG_WARN_QUOTED_INCLUDE_IN_FRAMEWORK_HEADER = YES;
				CLANG_WARN_RANGE_LOOP_ANALYSIS = YES;
				CLANG_WARN_STRICT_PROTOTYPES = YES;
				CLANG_WARN_SUSPICIOUS_MOVE = YES;
				CLANG_WARN_UNGUARDED_AVAILABILITY = YES_AGGRESSIVE;
				CLANG_WARN_UNREACHABLE_CODE = YES;
				CLANG_WARN__DUPLICATE_METHOD_MATCH = YES;
				COPY_PHASE_STRIP = NO;
				DEBUG_INFORMATION_FORMAT = "dwarf-with-dsym";
				ENABLE_NS_ASSERTIONS = NO;
				ENABLE_STRICT_OBJC_MSGSEND = YES;
				ENABLE_USER_SCRIPT_SANDBOXING = YES;
				GCC_C_LANGUAGE_STANDARD = gnu17;
				GCC_NO_COMMON_BLOCKS = YES;
				GCC_WARN_64_TO_32_BIT_CONVERSION = YES;
				GCC_WARN_ABOUT_RETURN_TYPE = YES_ERROR;
				GCC_WARN_UNDECLARED_SELECTOR = YES;
				GCC_WARN_UNINITIALIZED_AUTOS = YES_AGGRESSIVE;
				GCC_WARN_UNUSED_FUNCTION = YES;
				GCC_WARN_UNUSED_VARIABLE = YES;
				IPHONEOS_DEPLOYMENT_TARGET = 18.2;
				LOCALIZATION_PREFERS_STRING_CATALOGS = YES;
				MTL_ENABLE_DEBUG_INFO = NO;
				MTL_FAST_MATH = YES;
				SDKROOT = iphoneos;
				SWIFT_COMPILATION_MODE = wholemodule;
				VALIDATE_PRODUCT = YES;
			};
			name = Release;
		};
		D4B5A9212F0291DB0069AE66 /* Debug */ = {
			isa = XCBuildConfiguration;
			buildSettings = {
				BUNDLE_LOADER = "$(TEST_HOST)";
				CODE_SIGN_STYLE = Automatic;
				CURRENT_PROJECT_VERSION = 1;
				GENERATE_INFOPLIST_FILE = YES;
				IPHONEOS_DEPLOYMENT_TARGET = 18.2;
				MARKETING_VERSION = 1.0;
				PRODUCT_BUNDLE_IDENTIFIER = com.tts.ExampleTests;
				PRODUCT_NAME = "$(TARGET_NAME)";
				SWIFT_EMIT_LOC_STRINGS = NO;
				SWIFT_VERSION = 5.0;
				TARGETED_DEVICE_FAMILY = "1,2";
				TEST_HOST = "$(BUILT_PRODUCTS_DIR)/Example.app/$(BUNDLE_EXECUTABLE_FOLDER_PATH)/Example";
			};
			name = Debug;
		};
		D4B5A9222F0291DB0069AE66 /* Release */ = {
			isa = XCBuildConfiguration;
			buildSettings = {
				BUNDLE_LOADER = "$(TEST_HOST)";
				CODE_SIGN_STYLE = Automatic;
				CURRENT_PROJECT_VERSION = 1;
				GENERATE_INFOPLIST_FILE = YES;
				IPHONEOS_DEPLOYMENT_TARGET = 18.2;
				MARKETING_VERSION = 1.0;
				PRODUCT_BUNDLE_IDENTIFIER = com.tts.ExampleTests;
				PRODUCT_NAME = "$(TARGET_NAME)";
				SWIFT_EMIT_LOC_STRINGS = NO;
				SWIFT_VERSION = 5.0;
				TARGETED_DEVICE_FAMILY = "1,2";
				TEST_HOST = "$(BUILT_PRODUCTS_DIR)/Example.app/$(BUNDLE_EXECUTABLE_FOLDER_PATH)/Example";
			};
			name = Release;
		};
		D4B5A9242F0291DB0069AE66 /* Debug */ = {
			isa = XCBuildConfiguration;
			buildSettings = {
				CODE_SIGN_STYLE = Automatic;
				CURRENT_PROJECT_VERSION = 1;
				GENERATE_INFOPLIST_FILE = YES;
				MARKETING_VERSION = 1.0;
				PRODUCT_BUNDLE_IDENTIFIER = com.tts.ExampleUITests;
				PRODUCT_NAME = "$(TARGET_NAME)";
				SWIFT_EMIT_LOC_STRINGS = NO;
				SWIFT_VERSION = 5.0;
				TARGETED_DEVICE_FAMILY = "1,2";
				TEST_TARGET_NAME = Example;
			};
			name = Debug;
		};
		D4B5A9252F0291DB0069AE66 /* Release */ = {
			isa = XCBuildConfiguration;
			buildSettings = {
				CODE_SIGN_STYLE = Automatic;
				CURRENT_PROJECT_VERSION = 1;
				GENERATE_INFOPLIST_FILE = YES;
				MARKETING_VERSION = 1.0;
				PRODUCT_BUNDLE_IDENTIFIER = com.tts.ExampleUITests;
				PRODUCT_NAME = "$(TARGET_NAME)";
				SWIFT_EMIT_LOC_STRINGS = NO;
				SWIFT_VERSION = 5.0;
				TARGETED_DEVICE_FAMILY = "1,2";
				TEST_TARGET_NAME = Example;
			};
			name = Release;
		};
/* End XCBuildConfiguration section */

/* Begin XCConfigurationList section */
		D4B5A8ED2F0291D90069AE66 /* Build configuration list for PBXProject "Example" */ = {
			isa = XCConfigurationList;
			buildConfigurations = (
				D4B5A91E2F0291DB0069AE66 /* Debug */,
				D4B5A91F2F0291DB0069AE66 /* Release */,
			);
			defaultConfigurationIsVisible = 0;
			defaultConfigurationName = Release;
		};
		D4B5A91B2F0291DB0069AE66 /* Build configuration list for PBXNativeTarget "Example" */ = {
			isa = XCConfigurationList;
			buildConfigurations = (
				D4B5A91C2F0291DB0069AE66 /* Debug */,
				D4B5A91D2F0291DB0069AE66 /* Release */,
			);
			defaultConfigurationIsVisible = 0;
			defaultConfigurationName = Release;
		};
		D4B5A9202F0291DB0069AE66 /* Build configuration list for PBXNativeTarget "ExampleTests" */ = {
			isa = XCConfigurationList;
			buildConfigurations = (
				D4B5A9212F0291DB0069AE66 /* Debug */,
				D4B5A9222F0291DB0069AE66 /* Release */,
			);
			defaultConfigurationIsVisible = 0;
			defaultConfigurationName = Release;
		};
		D4B5A9232F0291DB0069AE66 /* Build configuration list for PBXNativeTarget "ExampleUITests" */ = {
			isa = XCConfigurationList;
			buildConfigurations = (
				D4B5A9242F0291DB0069AE66 /* Debug */,
				D4B5A9252F0291DB0069AE66 /* Release */,
			);
			defaultConfigurationIsVisible = 0;
			defaultConfigurationName = Release;
		};
/* End XCConfigurationList section */

/* Begin XCLocalSwiftPackageReference section */
		D4624E7D2F03D1C80073AE34 /* XCLocalSwiftPackageReference "../../BagistoNative_iOS" */ = {
			isa = XCLocalSwiftPackageReference;
			relativePath = ../../BagistoNative_iOS;
		};
/* End XCLocalSwiftPackageReference section */

/* Begin XCRemoteSwiftPackageReference section */
		D4B5A93C2F0292150069AE66 /* XCRemoteSwiftPackageReference "hotwire-native-ios" */ = {
			isa = XCRemoteSwiftPackageReference;
			repositoryURL = "https://github.com/hotwired/hotwire-native-ios";
			requirement = {
				kind = upToNextMajorVersion;
				minimumVersion = 1.2.2;
			};
		};
/* End XCRemoteSwiftPackageReference section */

/* Begin XCSwiftPackageProductDependency section */
		D4624E7E2F03D1C80073AE34 /* BagistoNative_iOS */ = {
			isa = XCSwiftPackageProductDependency;
			productName = BagistoNative_iOS;
		};
		D4B5A93D2F0292150069AE66 /* HotwireNative */ = {
			isa = XCSwiftPackageProductDependency;
			package = D4B5A93C2F0292150069AE66 /* XCRemoteSwiftPackageReference "hotwire-native-ios" */;
			productName = HotwireNative;
		};
		D4FAB6B92F02935A00513E0A /* BagistoNative_iOS */ = {
			isa = XCSwiftPackageProductDependency;
			productName = BagistoNative_iOS;
		};
		D4FAB6BC2F0293F200513E0A /* BagistoNative_iOS */ = {
			isa = XCSwiftPackageProductDependency;
			productName = BagistoNative_iOS;
		};
		D4FAB6BF2F02957E00513E0A /* BagistoNative_iOS */ = {
			isa = XCSwiftPackageProductDependency;
			productName = BagistoNative_iOS;
		};
/* End XCSwiftPackageProductDependency section */
	};
	rootObject = D4B5A8EA2F0291D90069AE66 /* Project object */;
}
